
Microsoft Visual Studio Solution File, Format Version 12.00
# Visual Studio 15
VisualStudioVersion = 15.0.28307.421
MinimumVisualStudioVersion = 10.0.40219.1
Project("{FAE04EC0-301F-11D3-BF4B-00C04F79EFBC}") = "MandlebrotFun", "MandlebrotFun\MandlebrotFun.csproj", "{EF0A7A7F-011C-4390-9941-43B786E3D30B}"
EndProject
Project("{2150E333-8FDC-42A3-9474-1A3956D46DE8}") = "NewFolder1", "NewFolder1", "{32BCFEAC-8FC8-412C-AB49-02EF442D62E6}"
EndProject
Global
	GlobalSection(SolutionConfigurationPlatforms) = preSolution
		Debug|Any CPU = Debug|Any CPU
		Release|Any CPU = Release|Any CPU
	EndGlobalSection
	GlobalSection(ProjectConfigurationPlatforms) = postSolution
		{EF0A7A7F-011C-4390-9941-43B786E3D30B}.Debug|Any CPU.ActiveCfg = Debug|Any CPU
		{EF0A7A7F-011C-4390-9941-43B786E3D30B}.Debug|Any CPU.Build.0 = Debug|Any CPU
		{EF0A7A7F-011C-4390-9941-43B786E3D30B}.Release|Any CPU.ActiveCfg = Release|Any CPU
		{EF0A7A7F-011C-4390-9941-43B786E3D30B}.Release|Any CPU.Build.0 = Release|Any CPU
	EndGlobalSection
	GlobalSection(SolutionProperties) = preSolution
		HideSolutionNode = FALSE
	EndGlobalSection
	GlobalSection(ExtensibilityGlobals) = postSolution
		SolutionGuid = {BFF09742-BC46-473F-A590-E3240325B538}
	EndGlobalSection
EndGlobal
